
Microsoft Visual Studio Solution File, Format Version 12.00
# RemObjects Water
Project("{656346D9-4656-40DA-A068-22D5425D4639}") = "RedisClassLibrary", "RedisClassLibrary\RedisClassLibrary.elements", "{D7EB4B62-A0E4-4425-93E1-9E40D3F3CB4C}"
EndProject
Project("{656346D9-4656-40DA-A068-22D5425D4639}") = "RedisConsoleApplication", "RedisConsoleApplication\RedisConsoleApplication.elements", "{F281B2C1-45C1-4757-B4D5-EBCE280000C7}"
EndProject
Project("{656346D9-4656-40DA-A068-22D5425D4639}") = "RedisExpiryConsoleApplication", "RedisExpiryConsoleApplication\RedisExpiryConsoleApplication.elements", "{B3308D7F-EAC5-443E-81EC-F5F27BA9C80C}"
EndProject
Project("{656346D9-4656-40DA-A068-22D5425D4639}") = "RedisTestsConsoleApplication", "RedisTestsConsoleApplication\RedisTestsConsoleApplication.elements", "{95557E37-2E24-45B9-BFE9-4CF4E5AD60ED}"
EndProject
Global
	GlobalSection(SolutionConfigurationPlatforms) = preSolution
		Debug|AnyCPU = Debug|AnyCPU
		Release|AnyCPU = Release|AnyCPU
	EndGlobalSection
	GlobalSection(ProjectConfigurationPlatforms) = postSolution
		{D7EB4B62-A0E4-4425-93E1-9E40D3F3CB4C}.Debug|AnyCPU.ActiveCfg = Debug|AnyCPU
		{D7EB4B62-A0E4-4425-93E1-9E40D3F3CB4C}.Debug|AnyCPU.Build.0 = Debug|AnyCPU
		{D7EB4B62-A0E4-4425-93E1-9E40D3F3CB4C}.Release|AnyCPU.ActiveCfg = Release|AnyCPU
		{D7EB4B62-A0E4-4425-93E1-9E40D3F3CB4C}.Release|AnyCPU.Build.0 = Release|AnyCPU
		{F281B2C1-45C1-4757-B4D5-EBCE280000C7}.Debug|AnyCPU.ActiveCfg = Debug|AnyCPU
		{F281B2C1-45C1-4757-B4D5-EBCE280000C7}.Debug|AnyCPU.Build.0 = Debug|AnyCPU
		{F281B2C1-45C1-4757-B4D5-EBCE280000C7}.Release|AnyCPU.ActiveCfg = Release|AnyCPU
		{F281B2C1-45C1-4757-B4D5-EBCE280000C7}.Release|AnyCPU.Build.0 = Release|AnyCPU
		{B3308D7F-EAC5-443E-81EC-F5F27BA9C80C}.Debug|AnyCPU.ActiveCfg = Debug|AnyCPU
		{B3308D7F-EAC5-443E-81EC-F5F27BA9C80C}.Debug|AnyCPU.Build.0 = Debug|AnyCPU
		{B3308D7F-EAC5-443E-81EC-F5F27BA9C80C}.Release|AnyCPU.ActiveCfg = Release|AnyCPU
		{B3308D7F-EAC5-443E-81EC-F5F27BA9C80C}.Release|AnyCPU.Build.0 = Release|AnyCPU
		{95557E37-2E24-45B9-BFE9-4CF4E5AD60ED}.Debug|AnyCPU.ActiveCfg = Debug|AnyCPU
		{95557E37-2E24-45B9-BFE9-4CF4E5AD60ED}.Debug|AnyCPU.Build.0 = Debug|AnyCPU
		{95557E37-2E24-45B9-BFE9-4CF4E5AD60ED}.Release|AnyCPU.ActiveCfg = Release|AnyCPU
		{95557E37-2E24-45B9-BFE9-4CF4E5AD60ED}.Release|AnyCPU.Build.0 = Release|AnyCPU
	EndGlobalSection
	GlobalSection(SolutionProperties) = preSolution
		HideSolutionNode = FALSE
	EndGlobalSection
EndGlobal